{
  "name": "joel-connect",
  "version": "1.0.0",
  "lockfileVersion": 3,
  "requires": true,
  "packages": {
    "": {
      "name": "joel-connect",
      "version": "1.0.0",
      "license": "ISC",
      "dependencies": {
        "read-csv-as-array": "^1.0.1"
      }
    },
    "node_modules/read-csv-as-array": {
      "version": "1.0.1",
      "resolved": "https://registry.npmjs.org/read-csv-as-array/-/read-csv-as-array-1.0.1.tgz",
      "integrity": "sha512-xlY8CWzmKeJh8jKbCuKpASe1DUR1f8ZGK5rnl72rCBZXbn/1gZ8yz+NRr3E86fY8Q0LuBPQDtBClB6X1SW48Qg=="
    }
  }
}
